{
  "checksum": "92eb84e746b3a36b5d746f29e8cb9ca3a651aac179e00b143d99bc73b431b0b0",
  "crates": {
    "bar 0.1.0": {
      "name": "bar",
      "version": "0.1.0",
      "repository": null,
      "targets": [
        {
          "Library": {
            "crate_name": "bar",
            "crate_root": "src/lib.rs",
            "srcs": [
              "**/*.rs"
            ]
          }
        }
      ],
      "library_target_name": "bar",
      "common_attrs": {
        "compile_data_glob": [
          "**"
        ],
        "deps": {
          "common": [
            {
              "id": "serde_json 1.0.91",
              "target": "serde_json"
            }
          ],
          "selects": {}
        },
        "edition": "2021",
        "version": "0.1.0"
      },
      "license": null
    },
    "foo 0.1.0": {
      "name": "foo",
      "version": "0.1.0",
      "repository": null,
      "targets": [
        {
          "Library": {
            "crate_name": "foo",
            "crate_root": "src/lib.rs",
            "srcs": [
              "**/*.rs"
            ]
          }
        }
      ],
      "library_target_name": "foo",
      "common_attrs": {
        "compile_data_glob": [
          "**"
        ],
        "deps": {
          "common": [
            {
              "id": "serde 1.0.152",
              "target": "serde"
            }
          ],
          "selects": {}
        },
        "edition": "2021",
        "version": "0.1.0"
      },
      "license": null
    },
    "itoa 1.0.5": {
      "name": "itoa",
      "version": "1.0.5",
      "repository": {
        "Http": {
          "url": "https://crates.io/api/v1/crates/itoa/1.0.5/download",
          "sha256": "fad582f4b9e86b6caa621cabeb0963332d92eea04729ab12892c2533951e6440"
        }
      },
      "targets": [
        {
          "Library": {
            "crate_name": "itoa",
            "crate_root": "src/lib.rs",
            "srcs": [
              "**/*.rs"
            ]
          }
        }
      ],
      "library_target_name": "itoa",
      "common_attrs": {
        "compile_data_glob": [
          "**"
        ],
        "edition": "2018",
        "version": "1.0.5"
      },
      "license": "MIT OR Apache-2.0"
    },
    "ryu 1.0.12": {
      "name": "ryu",
      "version": "1.0.12",
      "repository": {
        "Http": {
          "url": "https://crates.io/api/v1/crates/ryu/1.0.12/download",
          "sha256": "7b4b9743ed687d4b4bcedf9ff5eaa7398495ae14e61cba0a295704edbc7decde"
        }
      },
      "targets": [
        {
          "Library": {
            "crate_name": "ryu",
            "crate_root": "src/lib.rs",
            "srcs": [
              "**/*.rs"
            ]
          }
        }
      ],
      "library_target_name": "ryu",
      "common_attrs": {
        "compile_data_glob": [
          "**"
        ],
        "edition": "2018",
        "version": "1.0.12"
      },
      "license": "Apache-2.0 OR BSL-1.0"
    },
    "serde 1.0.152": {
      "name": "serde",
      "version": "1.0.152",
      "repository": {
        "Http": {
          "url": "https://crates.io/api/v1/crates/serde/1.0.152/download",
          "sha256": "bb7d1f0d3021d347a83e556fc4683dea2ea09d87bccdf88ff5c12545d89d5efb"
        }
      },
      "targets": [
        {
          "Library": {
            "crate_name": "serde",
            "crate_root": "src/lib.rs",
            "srcs": [
              "**/*.rs"
            ]
          }
        },
        {
          "BuildScript": {
            "crate_name": "build_script_build",
            "crate_root": "build.rs",
            "srcs": [
              "**/*.rs"
            ]
          }
        }
      ],
      "library_target_name": "serde",
      "common_attrs": {
        "compile_data_glob": [
          "**"
        ],
        "crate_features": [
          "default",
          "std"
        ],
        "deps": {
          "common": [
            {
              "id": "serde 1.0.152",
              "target": "build_script_build"
            }
          ],
          "selects": {}
        },
        "edition": "2015",
        "version": "1.0.152"
      },
      "build_script_attrs": {
        "data_glob": [
          "**"
        ]
      },
      "license": "MIT OR Apache-2.0"
    },
    "serde_json 1.0.91": {
      "name": "serde_json",
      "version": "1.0.91",
      "repository": {
        "Http": {
          "url": "https://crates.io/api/v1/crates/serde_json/1.0.91/download",
          "sha256": "877c235533714907a8c2464236f5c4b2a17262ef1bd71f38f35ea592c8da6883"
        }
      },
      "targets": [
        {
          "Library": {
            "crate_name": "serde_json",
            "crate_root": "src/lib.rs",
            "srcs": [
              "**/*.rs"
            ]
          }
        },
        {
          "BuildScript": {
            "crate_name": "build_script_build",
            "crate_root": "build.rs",
            "srcs": [
              "**/*.rs"
            ]
          }
        }
      ],
      "library_target_name": "serde_json",
      "common_attrs": {
        "compile_data_glob": [
          "**"
        ],
        "crate_features": [
          "default",
          "std"
        ],
        "deps": {
          "common": [
            {
              "id": "itoa 1.0.5",
              "target": "itoa"
            },
            {
              "id": "ryu 1.0.12",
              "target": "ryu"
            },
            {
              "id": "serde 1.0.152",
              "target": "serde"
            },
            {
              "id": "serde_json 1.0.91",
              "target": "build_script_build"
            }
          ],
          "selects": {}
        },
        "edition": "2018",
        "version": "1.0.91"
      },
      "build_script_attrs": {
        "data_glob": [
          "**"
        ]
      },
      "license": "MIT OR Apache-2.0"
    }
  },
  "binary_crates": [],
  "workspace_members": {
    "bar 0.1.0": "workspace2/bar",
    "foo 0.1.0": "workspace2/local_vendor/foo"
  },
  "conditions": {}
}
