{
  "checksum": "0512b40031e805588ff190c2e7c8debf39ec0c7b0f9ee7460edb7697ef45847e",
  "crates": {
    "foo 0.1.0": {
      "name": "foo",
      "version": "0.1.0",
      "repository": null,
      "targets": [
        {
          "Library": {
            "crate_name": "foo",
            "crate_root": "src/lib.rs",
            "srcs": [
              "**/*.rs"
            ]
          }
        }
      ],
      "library_target_name": "foo",
      "common_attrs": {
        "compile_data_glob": [
          "**"
        ],
        "deps": {
          "common": [
            {
              "id": "serde 1.0.152",
              "target": "serde"
            }
          ],
          "selects": {}
        },
        "edition": "2021",
        "version": "0.1.0"
      },
      "license": null
    },
    "serde 1.0.152": {
      "name": "serde",
      "version": "1.0.152",
      "repository": {
        "Http": {
          "url": "https://crates.io/api/v1/crates/serde/1.0.152/download",
          "sha256": "bb7d1f0d3021d347a83e556fc4683dea2ea09d87bccdf88ff5c12545d89d5efb"
        }
      },
      "targets": [
        {
          "Library": {
            "crate_name": "serde",
            "crate_root": "src/lib.rs",
            "srcs": [
              "**/*.rs"
            ]
          }
        },
        {
          "BuildScript": {
            "crate_name": "build_script_build",
            "crate_root": "build.rs",
            "srcs": [
              "**/*.rs"
            ]
          }
        }
      ],
      "library_target_name": "serde",
      "common_attrs": {
        "compile_data_glob": [
          "**"
        ],
        "crate_features": [
          "default",
          "std"
        ],
        "deps": {
          "common": [
            {
              "id": "serde 1.0.152",
              "target": "build_script_build"
            }
          ],
          "selects": {}
        },
        "edition": "2015",
        "version": "1.0.152"
      },
      "build_script_attrs": {
        "data_glob": [
          "**"
        ]
      },
      "license": "MIT OR Apache-2.0"
    }
  },
  "binary_crates": [],
  "workspace_members": {
    "foo 0.1.0": "workspace1/foo"
  },
  "conditions": {}
}
